
Microsoft Visual Studio Solution File, Format Version 12.00
# Visual Studio 15
VisualStudioVersion = 15.0.26124.0
MinimumVisualStudioVersion = 15.0.26124.0
Project("{2150E333-8FDC-42A3-9474-1A3956D46DE8}") = "Code", "Code", "{5C44BB6B-5C32-41B3-9654-77E43A58165B}"
EndProject
Project("{FAE04EC0-301F-11D3-BF4B-00C04F79EFBC}") = "proto.Api", "Code\proto.Api\proto.Api.csproj", "{438B43A9-B90B-4585-BE9A-CE7CE2B115BA}"
EndProject
Project("{FAE04EC0-301F-11D3-BF4B-00C04F79EFBC}") = "proto.Business", "Code\proto.Business\proto.Business.csproj", "{BAD6A414-0A76-49D3-8153-96F48BC4B4A7}"
EndProject
Project("{FAE04EC0-301F-11D3-BF4B-00C04F79EFBC}") = "proto.Data", "Code\proto.Data\proto.Data.csproj", "{6A420A30-E492-4961-B931-E4991618E0EE}"
EndProject
Project("{FAE04EC0-301F-11D3-BF4B-00C04F79EFBC}") = "proto.Entities", "Code\proto.Entities\proto.Entities.csproj", "{0A91FD45-C77D-4EB6-8A96-9DBAA1847BE2}"
EndProject
Project("{FAE04EC0-301F-11D3-BF4B-00C04F79EFBC}") = "proto.Test.Api", "Code\proto.Test.Api\proto.Test.Api.csproj", "{EC2CD2B3-D5D0-4034-966E-14525F09E20F}"
EndProject
Project("{FAE04EC0-301F-11D3-BF4B-00C04F79EFBC}") = "proto.Test.Business", "Code\proto.Test.Business\proto.Test.Business.csproj", "{0A5196C0-F25B-449E-B180-E7761835FCB5}"
EndProject
Project("{FAE04EC0-301F-11D3-BF4B-00C04F79EFBC}") = "proto.Test.Framework", "Code\proto.Test.Framework\proto.Test.Framework.csproj", "{81F295E1-B9E6-492E-B9A1-48C4AA489871}"
EndProject
Project("{2150E333-8FDC-42A3-9474-1A3956D46DE8}") = "Test", "Test", "{F6059209-C797-465B-8A27-314B41C86AD6}"
EndProject
Global
	GlobalSection(SolutionConfigurationPlatforms) = preSolution
		Debug|Any CPU = Debug|Any CPU
		Debug|x64 = Debug|x64
		Debug|x86 = Debug|x86
		Release|Any CPU = Release|Any CPU
		Release|x64 = Release|x64
		Release|x86 = Release|x86
	EndGlobalSection
	GlobalSection(SolutionProperties) = preSolution
		HideSolutionNode = FALSE
	EndGlobalSection
	GlobalSection(ProjectConfigurationPlatforms) = postSolution
		{438B43A9-B90B-4585-BE9A-CE7CE2B115BA}.Debug|Any CPU.ActiveCfg = Debug|Any CPU
		{438B43A9-B90B-4585-BE9A-CE7CE2B115BA}.Debug|Any CPU.Build.0 = Debug|Any CPU
		{438B43A9-B90B-4585-BE9A-CE7CE2B115BA}.Debug|x64.ActiveCfg = Debug|Any CPU
		{438B43A9-B90B-4585-BE9A-CE7CE2B115BA}.Debug|x64.Build.0 = Debug|Any CPU
		{438B43A9-B90B-4585-BE9A-CE7CE2B115BA}.Debug|x86.ActiveCfg = Debug|Any CPU
		{438B43A9-B90B-4585-BE9A-CE7CE2B115BA}.Debug|x86.Build.0 = Debug|Any CPU
		{438B43A9-B90B-4585-BE9A-CE7CE2B115BA}.Release|Any CPU.ActiveCfg = Release|Any CPU
		{438B43A9-B90B-4585-BE9A-CE7CE2B115BA}.Release|Any CPU.Build.0 = Release|Any CPU
		{438B43A9-B90B-4585-BE9A-CE7CE2B115BA}.Release|x64.ActiveCfg = Release|Any CPU
		{438B43A9-B90B-4585-BE9A-CE7CE2B115BA}.Release|x64.Build.0 = Release|Any CPU
		{438B43A9-B90B-4585-BE9A-CE7CE2B115BA}.Release|x86.ActiveCfg = Release|Any CPU
		{438B43A9-B90B-4585-BE9A-CE7CE2B115BA}.Release|x86.Build.0 = Release|Any CPU
		{BAD6A414-0A76-49D3-8153-96F48BC4B4A7}.Debug|Any CPU.ActiveCfg = Debug|Any CPU
		{BAD6A414-0A76-49D3-8153-96F48BC4B4A7}.Debug|Any CPU.Build.0 = Debug|Any CPU
		{BAD6A414-0A76-49D3-8153-96F48BC4B4A7}.Debug|x64.ActiveCfg = Debug|Any CPU
		{BAD6A414-0A76-49D3-8153-96F48BC4B4A7}.Debug|x64.Build.0 = Debug|Any CPU
		{BAD6A414-0A76-49D3-8153-96F48BC4B4A7}.Debug|x86.ActiveCfg = Debug|Any CPU
		{BAD6A414-0A76-49D3-8153-96F48BC4B4A7}.Debug|x86.Build.0 = Debug|Any CPU
		{BAD6A414-0A76-49D3-8153-96F48BC4B4A7}.Release|Any CPU.ActiveCfg = Release|Any CPU
		{BAD6A414-0A76-49D3-8153-96F48BC4B4A7}.Release|Any CPU.Build.0 = Release|Any CPU
		{BAD6A414-0A76-49D3-8153-96F48BC4B4A7}.Release|x64.ActiveCfg = Release|Any CPU
		{BAD6A414-0A76-49D3-8153-96F48BC4B4A7}.Release|x64.Build.0 = Release|Any CPU
		{BAD6A414-0A76-49D3-8153-96F48BC4B4A7}.Release|x86.ActiveCfg = Release|Any CPU
		{BAD6A414-0A76-49D3-8153-96F48BC4B4A7}.Release|x86.Build.0 = Release|Any CPU
		{6A420A30-E492-4961-B931-E4991618E0EE}.Debug|Any CPU.ActiveCfg = Debug|Any CPU
		{6A420A30-E492-4961-B931-E4991618E0EE}.Debug|Any CPU.Build.0 = Debug|Any CPU
		{6A420A30-E492-4961-B931-E4991618E0EE}.Debug|x64.ActiveCfg = Debug|Any CPU
		{6A420A30-E492-4961-B931-E4991618E0EE}.Debug|x64.Build.0 = Debug|Any CPU
		{6A420A30-E492-4961-B931-E4991618E0EE}.Debug|x86.ActiveCfg = Debug|Any CPU
		{6A420A30-E492-4961-B931-E4991618E0EE}.Debug|x86.Build.0 = Debug|Any CPU
		{6A420A30-E492-4961-B931-E4991618E0EE}.Release|Any CPU.ActiveCfg = Release|Any CPU
		{6A420A30-E492-4961-B931-E4991618E0EE}.Release|Any CPU.Build.0 = Release|Any CPU
		{6A420A30-E492-4961-B931-E4991618E0EE}.Release|x64.ActiveCfg = Release|Any CPU
		{6A420A30-E492-4961-B931-E4991618E0EE}.Release|x64.Build.0 = Release|Any CPU
		{6A420A30-E492-4961-B931-E4991618E0EE}.Release|x86.ActiveCfg = Release|Any CPU
		{6A420A30-E492-4961-B931-E4991618E0EE}.Release|x86.Build.0 = Release|Any CPU
		{0A91FD45-C77D-4EB6-8A96-9DBAA1847BE2}.Debug|Any CPU.ActiveCfg = Debug|Any CPU
		{0A91FD45-C77D-4EB6-8A96-9DBAA1847BE2}.Debug|Any CPU.Build.0 = Debug|Any CPU
		{0A91FD45-C77D-4EB6-8A96-9DBAA1847BE2}.Debug|x64.ActiveCfg = Debug|Any CPU
		{0A91FD45-C77D-4EB6-8A96-9DBAA1847BE2}.Debug|x64.Build.0 = Debug|Any CPU
		{0A91FD45-C77D-4EB6-8A96-9DBAA1847BE2}.Debug|x86.ActiveCfg = Debug|Any CPU
		{0A91FD45-C77D-4EB6-8A96-9DBAA1847BE2}.Debug|x86.Build.0 = Debug|Any CPU
		{0A91FD45-C77D-4EB6-8A96-9DBAA1847BE2}.Release|Any CPU.ActiveCfg = Release|Any CPU
		{0A91FD45-C77D-4EB6-8A96-9DBAA1847BE2}.Release|Any CPU.Build.0 = Release|Any CPU
		{0A91FD45-C77D-4EB6-8A96-9DBAA1847BE2}.Release|x64.ActiveCfg = Release|Any CPU
		{0A91FD45-C77D-4EB6-8A96-9DBAA1847BE2}.Release|x64.Build.0 = Release|Any CPU
		{0A91FD45-C77D-4EB6-8A96-9DBAA1847BE2}.Release|x86.ActiveCfg = Release|Any CPU
		{0A91FD45-C77D-4EB6-8A96-9DBAA1847BE2}.Release|x86.Build.0 = Release|Any CPU
		{EC2CD2B3-D5D0-4034-966E-14525F09E20F}.Debug|Any CPU.ActiveCfg = Debug|Any CPU
		{EC2CD2B3-D5D0-4034-966E-14525F09E20F}.Debug|Any CPU.Build.0 = Debug|Any CPU
		{EC2CD2B3-D5D0-4034-966E-14525F09E20F}.Debug|x64.ActiveCfg = Debug|Any CPU
		{EC2CD2B3-D5D0-4034-966E-14525F09E20F}.Debug|x64.Build.0 = Debug|Any CPU
		{EC2CD2B3-D5D0-4034-966E-14525F09E20F}.Debug|x86.ActiveCfg = Debug|Any CPU
		{EC2CD2B3-D5D0-4034-966E-14525F09E20F}.Debug|x86.Build.0 = Debug|Any CPU
		{EC2CD2B3-D5D0-4034-966E-14525F09E20F}.Release|Any CPU.ActiveCfg = Release|Any CPU
		{EC2CD2B3-D5D0-4034-966E-14525F09E20F}.Release|Any CPU.Build.0 = Release|Any CPU
		{EC2CD2B3-D5D0-4034-966E-14525F09E20F}.Release|x64.ActiveCfg = Release|Any CPU
		{EC2CD2B3-D5D0-4034-966E-14525F09E20F}.Release|x64.Build.0 = Release|Any CPU
		{EC2CD2B3-D5D0-4034-966E-14525F09E20F}.Release|x86.ActiveCfg = Release|Any CPU
		{EC2CD2B3-D5D0-4034-966E-14525F09E20F}.Release|x86.Build.0 = Release|Any CPU
		{0A5196C0-F25B-449E-B180-E7761835FCB5}.Debug|Any CPU.ActiveCfg = Debug|Any CPU
		{0A5196C0-F25B-449E-B180-E7761835FCB5}.Debug|Any CPU.Build.0 = Debug|Any CPU
		{0A5196C0-F25B-449E-B180-E7761835FCB5}.Debug|x64.ActiveCfg = Debug|Any CPU
		{0A5196C0-F25B-449E-B180-E7761835FCB5}.Debug|x64.Build.0 = Debug|Any CPU
		{0A5196C0-F25B-449E-B180-E7761835FCB5}.Debug|x86.ActiveCfg = Debug|Any CPU
		{0A5196C0-F25B-449E-B180-E7761835FCB5}.Debug|x86.Build.0 = Debug|Any CPU
		{0A5196C0-F25B-449E-B180-E7761835FCB5}.Release|Any CPU.ActiveCfg = Release|Any CPU
		{0A5196C0-F25B-449E-B180-E7761835FCB5}.Release|Any CPU.Build.0 = Release|Any CPU
		{0A5196C0-F25B-449E-B180-E7761835FCB5}.Release|x64.ActiveCfg = Release|Any CPU
		{0A5196C0-F25B-449E-B180-E7761835FCB5}.Release|x64.Build.0 = Release|Any CPU
		{0A5196C0-F25B-449E-B180-E7761835FCB5}.Release|x86.ActiveCfg = Release|Any CPU
		{0A5196C0-F25B-449E-B180-E7761835FCB5}.Release|x86.Build.0 = Release|Any CPU
		{81F295E1-B9E6-492E-B9A1-48C4AA489871}.Debug|Any CPU.ActiveCfg = Debug|Any CPU
		{81F295E1-B9E6-492E-B9A1-48C4AA489871}.Debug|Any CPU.Build.0 = Debug|Any CPU
		{81F295E1-B9E6-492E-B9A1-48C4AA489871}.Debug|x64.ActiveCfg = Debug|Any CPU
		{81F295E1-B9E6-492E-B9A1-48C4AA489871}.Debug|x64.Build.0 = Debug|Any CPU
		{81F295E1-B9E6-492E-B9A1-48C4AA489871}.Debug|x86.ActiveCfg = Debug|Any CPU
		{81F295E1-B9E6-492E-B9A1-48C4AA489871}.Debug|x86.Build.0 = Debug|Any CPU
		{81F295E1-B9E6-492E-B9A1-48C4AA489871}.Release|Any CPU.ActiveCfg = Release|Any CPU
		{81F295E1-B9E6-492E-B9A1-48C4AA489871}.Release|Any CPU.Build.0 = Release|Any CPU
		{81F295E1-B9E6-492E-B9A1-48C4AA489871}.Release|x64.ActiveCfg = Release|Any CPU
		{81F295E1-B9E6-492E-B9A1-48C4AA489871}.Release|x64.Build.0 = Release|Any CPU
		{81F295E1-B9E6-492E-B9A1-48C4AA489871}.Release|x86.ActiveCfg = Release|Any CPU
		{81F295E1-B9E6-492E-B9A1-48C4AA489871}.Release|x86.Build.0 = Release|Any CPU
	EndGlobalSection
	GlobalSection(NestedProjects) = preSolution
		{438B43A9-B90B-4585-BE9A-CE7CE2B115BA} = {5C44BB6B-5C32-41B3-9654-77E43A58165B}
		{BAD6A414-0A76-49D3-8153-96F48BC4B4A7} = {5C44BB6B-5C32-41B3-9654-77E43A58165B}
		{6A420A30-E492-4961-B931-E4991618E0EE} = {5C44BB6B-5C32-41B3-9654-77E43A58165B}
		{0A91FD45-C77D-4EB6-8A96-9DBAA1847BE2} = {5C44BB6B-5C32-41B3-9654-77E43A58165B}
		{EC2CD2B3-D5D0-4034-966E-14525F09E20F} = {F6059209-C797-465B-8A27-314B41C86AD6}
		{0A5196C0-F25B-449E-B180-E7761835FCB5} = {F6059209-C797-465B-8A27-314B41C86AD6}
		{81F295E1-B9E6-492E-B9A1-48C4AA489871} = {F6059209-C797-465B-8A27-314B41C86AD6}
	EndGlobalSection
EndGlobal
